// !$*UTF8*$!
{
	archiveVersion = 1;
	classes = {
	};
	objectVersion = 56;
	objects = {

/* Begin PBXBuildFile section */
		A545B8C32B0961BF0082FEF6 /* AppDelegate.swift in Sources */ = {isa = PBXBuildFile; fileRef = A545B8C22B0961BF0082FEF6 /* AppDelegate.swift */; };
		A545B8C52B0961BF0082FEF6 /* SceneDelegate.swift in Sources */ = {isa = PBXBuildFile; fileRef = A545B8C42B0961BF0082FEF6 /* SceneDelegate.swift */; };
		A545B8C72B0961BF0082FEF6 /* ViewController.swift in Sources */ = {isa = PBXBuildFile; fileRef = A545B8C62B0961BF0082FEF6 /* ViewController.swift */; };
		A545B8CA2B0961BF0082FEF6 /* Main.storyboard in Resources */ = {isa = PBXBuildFile; fileRef = A545B8C82B0961BF0082FEF6 /* Main.storyboard */; };
		A545B8CC2B0961C00082FEF6 /* Assets.xcassets in Resources */ = {isa = PBXBuildFile; fileRef = A545B8CB2B0961C00082FEF6 /* Assets.xcassets */; };
		A545B8CF2B0961C00082FEF6 /* LaunchScreen.storyboard in Resources */ = {isa = PBXBuildFile; fileRef = A545B8CD2B0961C00082FEF6 /* LaunchScreen.storyboard */; };
		A545B8DA2B0961C00082FEF6 /* MotionalTests.swift in Sources */ = {isa = PBXBuildFile; fileRef = A545B8D92B0961C00082FEF6 /* MotionalTests.swift */; };
		A545B8E42B0961C10082FEF6 /* MotionalUITests.swift in Sources */ = {isa = PBXBuildFile; fileRef = A545B8E32B0961C10082FEF6 /* MotionalUITests.swift */; };
		A545B8E62B0961C10082FEF6 /* MotionalUITestsLaunchTests.swift in Sources */ = {isa = PBXBuildFile; fileRef = A545B8E52B0961C10082FEF6 /* MotionalUITestsLaunchTests.swift */; };
		A545B8F32B0963130082FEF6 /* ExerciseCell.swift in Sources */ = {isa = PBXBuildFile; fileRef = A545B8F22B0963130082FEF6 /* ExerciseCell.swift */; };
		A545B8F52B0964E40082FEF6 /* Exercise.swift in Sources */ = {isa = PBXBuildFile; fileRef = A545B8F42B0964E40082FEF6 /* Exercise.swift */; };
/* End PBXBuildFile section */

/* Begin PBXContainerItemProxy section */
		A545B8D62B0961C00082FEF6 /* PBXContainerItemProxy */ = {
			isa = PBXContainerItemProxy;
			containerPortal = A545B8B72B0961BF0082FEF6 /* Project object */;
			proxyType = 1;
			remoteGlobalIDString = A545B8BE2B0961BF0082FEF6;
			remoteInfo = Motional;
		};
		A545B8E02B0961C10082FEF6 /* PBXContainerItemProxy */ = {
			isa = PBXContainerItemProxy;
			containerPortal = A545B8B72B0961BF0082FEF6 /* Project object */;
			proxyType = 1;
			remoteGlobalIDString = A545B8BE2B0961BF0082FEF6;
			remoteInfo = Motional;
		};
/* End PBXContainerItemProxy section */

/* Begin PBXFileReference section */
		A545B8BF2B0961BF0082FEF6 /* Motional.app */ = {isa = PBXFileReference; explicitFileType = wrapper.application; includeInIndex = 0; path = Motional.app; sourceTree = BUILT_PRODUCTS_DIR; };
		A545B8C22B0961BF0082FEF6 /* AppDelegate.swift */ = {isa = PBXFileReference; lastKnownFileType = sourcecode.swift; path = AppDelegate.swift; sourceTree = "<group>"; };
		A545B8C42B0961BF0082FEF6 /* SceneDelegate.swift */ = {isa = PBXFileReference; lastKnownFileType = sourcecode.swift; path = SceneDelegate.swift; sourceTree = "<group>"; };
		A545B8C62B0961BF0082FEF6 /* ViewController.swift */ = {isa = PBXFileReference; lastKnownFileType = sourcecode.swift; path = ViewController.swift; sourceTree = "<group>"; };
		A545B8C92B0961BF0082FEF6 /* Base */ = {isa = PBXFileReference; lastKnownFileType = file.storyboard; name = Base; path = Base.lproj/Main.storyboard; sourceTree = "<group>"; };
		A545B8CB2B0961C00082FEF6 /* Assets.xcassets */ = {isa = PBXFileReference; lastKnownFileType = folder.assetcatalog; path = Assets.xcassets; sourceTree = "<group>"; };
		A545B8CE2B0961C00082FEF6 /* Base */ = {isa = PBXFileReference; lastKnownFileType = file.storyboard; name = Base; path = Base.lproj/LaunchScreen.storyboard; sourceTree = "<group>"; };
		A545B8D02B0961C00082FEF6 /* Info.plist */ = {isa = PBXFileReference; lastKnownFileType = text.plist.xml; path = Info.plist; sourceTree = "<group>"; };
		A545B8D52B0961C00082FEF6 /* MotionalTests.xctest */ = {isa = PBXFileReference; explicitFileType = wrapper.cfbundle; includeInIndex = 0; path = MotionalTests.xctest; sourceTree = BUILT_PRODUCTS_DIR; };
		A545B8D92B0961C00082FEF6 /* MotionalTests.swift */ = {isa = PBXFileReference; lastKnownFileType = sourcecode.swift; path = MotionalTests.swift; sourceTree = "<group>"; };
		A545B8DF2B0961C10082FEF6 /* MotionalUITests.xctest */ = {isa = PBXFileReference; explicitFileType = wrapper.cfbundle; includeInIndex = 0; path = MotionalUITests.xctest; sourceTree = BUILT_PRODUCTS_DIR; };
		A545B8E32B0961C10082FEF6 /* MotionalUITests.swift */ = {isa = PBXFileReference; lastKnownFileType = sourcecode.swift; path = MotionalUITests.swift; sourceTree = "<group>"; };
		A545B8E52B0961C10082FEF6 /* MotionalUITestsLaunchTests.swift */ = {isa = PBXFileReference; lastKnownFileType = sourcecode.swift; path = MotionalUITestsLaunchTests.swift; sourceTree = "<group>"; };
		A545B8F22B0963130082FEF6 /* ExerciseCell.swift */ = {isa = PBXFileReference; lastKnownFileType = sourcecode.swift; path = ExerciseCell.swift; sourceTree = "<group>"; };
		A545B8F42B0964E40082FEF6 /* Exercise.swift */ = {isa = PBXFileReference; lastKnownFileType = sourcecode.swift; path = Exercise.swift; sourceTree = "<group>"; };
/* End PBXFileReference section */

/* Begin PBXFrameworksBuildPhase section */
		A545B8BC2B0961BF0082FEF6 /* Frameworks */ = {
			isa = PBXFrameworksBuildPhase;
			buildActionMask = 2147483647;
			files = (
			);
			runOnlyForDeploymentPostprocessing = 0;
		};
		A545B8D22B0961C00082FEF6 /* Frameworks */ = {
			isa = PBXFrameworksBuildPhase;
			buildActionMask = 2147483647;
			files = (
			);
			runOnlyForDeploymentPostprocessing = 0;
		};
		A545B8DC2B0961C10082FEF6 /* Frameworks */ = {
			isa = PBXFrameworksBuildPhase;
			buildActionMask = 2147483647;
			files = (
			);
			runOnlyForDeploymentPostprocessing = 0;
		};
/* End PBXFrameworksBuildPhase section */

/* Begin PBXGroup section */
		A545B8B62B0961BF0082FEF6 = {
			isa = PBXGroup;
			children = (
				A545B8C12B0961BF0082FEF6 /* Motional */,
				A545B8D82B0961C00082FEF6 /* MotionalTests */,
				A545B8E22B0961C10082FEF6 /* MotionalUITests */,
				A545B8C02B0961BF0082FEF6 /* Products */,
			);
			sourceTree = "<group>";
		};
		A545B8C02B0961BF0082FEF6 /* Products */ = {
			isa = PBXGroup;
			children = (
				A545B8BF2B0961BF0082FEF6 /* Motional.app */,
				A545B8D52B0961C00082FEF6 /* MotionalTests.xctest */,
				A545B8DF2B0961C10082FEF6 /* MotionalUITests.xctest */,
			);
			name = Products;
			sourceTree = "<group>";
		};
		A545B8C12B0961BF0082FEF6 /* Motional */ = {
			isa = PBXGroup;
			children = (
				A545B8C22B0961BF0082FEF6 /* AppDelegate.swift */,
				A545B8C42B0961BF0082FEF6 /* SceneDelegate.swift */,
				A545B8C62B0961BF0082FEF6 /* ViewController.swift */,
				A545B8F42B0964E40082FEF6 /* Exercise.swift */,
				A545B8C82B0961BF0082FEF6 /* Main.storyboard */,
				A545B8F22B0963130082FEF6 /* ExerciseCell.swift */,
				A545B8CB2B0961C00082FEF6 /* Assets.xcassets */,
				A545B8CD2B0961C00082FEF6 /* LaunchScreen.storyboard */,
				A545B8D02B0961C00082FEF6 /* Info.plist */,
			);
			path = Motional;
			sourceTree = "<group>";
		};
		A545B8D82B0961C00082FEF6 /* MotionalTests */ = {
			isa = PBXGroup;
			children = (
				A545B8D92B0961C00082FEF6 /* MotionalTests.swift */,
			);
			path = MotionalTests;
			sourceTree = "<group>";
		};
		A545B8E22B0961C10082FEF6 /* MotionalUITests */ = {
			isa = PBXGroup;
			children = (
				A545B8E32B0961C10082FEF6 /* MotionalUITests.swift */,
				A545B8E52B0961C10082FEF6 /* MotionalUITestsLaunchTests.swift */,
			);
			path = MotionalUITests;
			sourceTree = "<group>";
		};
/* End PBXGroup section */

/* Begin PBXNativeTarget section */
		A545B8BE2B0961BF0082FEF6 /* Motional */ = {
			isa = PBXNativeTarget;
			buildConfigurationList = A545B8E92B0961C10082FEF6 /* Build configuration list for PBXNativeTarget "Motional" */;
			buildPhases = (
				A545B8BB2B0961BF0082FEF6 /* Sources */,
				A545B8BC2B0961BF0082FEF6 /* Frameworks */,
				A545B8BD2B0961BF0082FEF6 /* Resources */,
			);
			buildRules = (
			);
			dependencies = (
			);
			name = Motional;
			productName = Motional;
			productReference = A545B8BF2B0961BF0082FEF6 /* Motional.app */;
			productType = "com.apple.product-type.application";
		};
		A545B8D42B0961C00082FEF6 /* MotionalTests */ = {
			isa = PBXNativeTarget;
			buildConfigurationList = A545B8EC2B0961C10082FEF6 /* Build configuration list for PBXNativeTarget "MotionalTests" */;
			buildPhases = (
				A545B8D12B0961C00082FEF6 /* Sources */,
				A545B8D22B0961C00082FEF6 /* Frameworks */,
				A545B8D32B0961C00082FEF6 /* Resources */,
			);
			buildRules = (
			);
			dependencies = (
				A545B8D72B0961C00082FEF6 /* PBXTargetDependency */,
			);
			name = MotionalTests;
			productName = MotionalTests;
			productReference = A545B8D52B0961C00082FEF6 /* MotionalTests.xctest */;
			productType = "com.apple.product-type.bundle.unit-test";
		};
		A545B8DE2B0961C10082FEF6 /* MotionalUITests */ = {
			isa = PBXNativeTarget;
			buildConfigurationList = A545B8EF2B0961C10082FEF6 /* Build configuration list for PBXNativeTarget "MotionalUITests" */;
			buildPhases = (
				A545B8DB2B0961C10082FEF6 /* Sources */,
				A545B8DC2B0961C10082FEF6 /* Frameworks */,
				A545B8DD2B0961C10082FEF6 /* Resources */,
			);
			buildRules = (
			);
			dependencies = (
				A545B8E12B0961C10082FEF6 /* PBXTargetDependency */,
			);
			name = MotionalUITests;
			productName = MotionalUITests;
			productReference = A545B8DF2B0961C10082FEF6 /* MotionalUITests.xctest */;
			productType = "com.apple.product-type.bundle.ui-testing";
		};
/* End PBXNativeTarget section */

/* Begin PBXProject section */
		A545B8B72B0961BF0082FEF6 /* Project object */ = {
			isa = PBXProject;
			attributes = {
				BuildIndependentTargetsInParallel = 1;
				LastSwiftUpdateCheck = 1500;
				LastUpgradeCheck = 1500;
				TargetAttributes = {
					A545B8BE2B0961BF0082FEF6 = {
						CreatedOnToolsVersion = 15.0.1;
					};
					A545B8D42B0961C00082FEF6 = {
						CreatedOnToolsVersion = 15.0.1;
						TestTargetID = A545B8BE2B0961BF0082FEF6;
					};
					A545B8DE2B0961C10082FEF6 = {
						CreatedOnToolsVersion = 15.0.1;
						TestTargetID = A545B8BE2B0961BF0082FEF6;
					};
				};
			};
			buildConfigurationList = A545B8BA2B0961BF0082FEF6 /* Build configuration list for PBXProject "Motional" */;
			compatibilityVersion = "Xcode 14.0";
			developmentRegion = en;
			hasScannedForEncodings = 0;
			knownRegions = (
				en,
				Base,
			);
			mainGroup = A545B8B62B0961BF0082FEF6;
			productRefGroup = A545B8C02B0961BF0082FEF6 /* Products */;
			projectDirPath = "";
			projectRoot = "";
			targets = (
				A545B8BE2B0961BF0082FEF6 /* Motional */,
				A545B8D42B0961C00082FEF6 /* MotionalTests */,
				A545B8DE2B0961C10082FEF6 /* MotionalUITests */,
			);
		};
/* End PBXProject section */

/* Begin PBXResourcesBuildPhase section */
		A545B8BD2B0961BF0082FEF6 /* Resources */ = {
			isa = PBXResourcesBuildPhase;
			buildActionMask = 2147483647;
			files = (
				A545B8CF2B0961C00082FEF6 /* LaunchScreen.storyboard in Resources */,
				A545B8CC2B0961C00082FEF6 /* Assets.xcassets in Resources */,
				A545B8CA2B0961BF0082FEF6 /* Main.storyboard in Resources */,
			);
			runOnlyForDeploymentPostprocessing = 0;
		};
		A545B8D32B0961C00082FEF6 /* Resources */ = {
			isa = PBXResourcesBuildPhase;
			buildActionMask = 2147483647;
			files = (
			);
			runOnlyForDeploymentPostprocessing = 0;
		};
		A545B8DD2B0961C10082FEF6 /* Resources */ = {
			isa = PBXResourcesBuildPhase;
			buildActionMask = 2147483647;
			files = (
			);
			runOnlyForDeploymentPostprocessing = 0;
		};
/* End PBXResourcesBuildPhase section */

/* Begin PBXSourcesBuildPhase section */
		A545B8BB2B0961BF0082FEF6 /* Sources */ = {
			isa = PBXSourcesBuildPhase;
			buildActionMask = 2147483647;
			files = (
				A545B8F52B0964E40082FEF6 /* Exercise.swift in Sources */,
				A545B8C72B0961BF0082FEF6 /* ViewController.swift in Sources */,
				A545B8F32B0963130082FEF6 /* ExerciseCell.swift in Sources */,
				A545B8C32B0961BF0082FEF6 /* AppDelegate.swift in Sources */,
				A545B8C52B0961BF0082FEF6 /* SceneDelegate.swift in Sources */,
			);
			runOnlyForDeploymentPostprocessing = 0;
		};
		A545B8D12B0961C00082FEF6 /* Sources */ = {
			isa = PBXSourcesBuildPhase;
			buildActionMask = 2147483647;
			files = (
				A545B8DA2B0961C00082FEF6 /* MotionalTests.swift in Sources */,
			);
			runOnlyForDeploymentPostprocessing = 0;
		};
		A545B8DB2B0961C10082FEF6 /* Sources */ = {
			isa = PBXSourcesBuildPhase;
			buildActionMask = 2147483647;
			files = (
				A545B8E62B0961C10082FEF6 /* MotionalUITestsLaunchTests.swift in Sources */,
				A545B8E42B0961C10082FEF6 /* MotionalUITests.swift in Sources */,
			);
			runOnlyForDeploymentPostprocessing = 0;
		};
/* End PBXSourcesBuildPhase section */

/* Begin PBXTargetDependency section */
		A545B8D72B0961C00082FEF6 /* PBXTargetDependency */ = {
			isa = PBXTargetDependency;
			target = A545B8BE2B0961BF0082FEF6 /* Motional */;
			targetProxy = A545B8D62B0961C00082FEF6 /* PBXContainerItemProxy */;
		};
		A545B8E12B0961C10082FEF6 /* PBXTargetDependency */ = {
			isa = PBXTargetDependency;
			target = A545B8BE2B0961BF0082FEF6 /* Motional */;
			targetProxy = A545B8E02B0961C10082FEF6 /* PBXContainerItemProxy */;
		};
/* End PBXTargetDependency section */

/* Begin PBXVariantGroup section */
		A545B8C82B0961BF0082FEF6 /* Main.storyboard */ = {
			isa = PBXVariantGroup;
			children = (
				A545B8C92B0961BF0082FEF6 /* Base */,
			);
			name = Main.storyboard;
			sourceTree = "<group>";
		};
		A545B8CD2B0961C00082FEF6 /* LaunchScreen.storyboard */ = {
			isa = PBXVariantGroup;
			children = (
				A545B8CE2B0961C00082FEF6 /* Base */,
			);
			name = LaunchScreen.storyboard;
			sourceTree = "<group>";
		};
/* End PBXVariantGroup section */

/* Begin XCBuildConfiguration section */
		A545B8E72B0961C10082FEF6 /* Debug */ = {
			isa = XCBuildConfiguration;
			buildSettings = {
				ALWAYS_SEARCH_USER_PATHS = NO;
				ASSETCATALOG_COMPILER_GENERATE_SWIFT_ASSET_SYMBOL_EXTENSIONS = YES;
				CLANG_ANALYZER_NONNULL = YES;
				CLANG_ANALYZER_NUMBER_OBJECT_CONVERSION = YES_AGGRESSIVE;
				CLANG_CXX_LANGUAGE_STANDARD = "gnu++20";
				CLANG_ENABLE_MODULES = YES;
				CLANG_ENABLE_OBJC_ARC = YES;
				CLANG_ENABLE_OBJC_WEAK = YES;
				CLANG_WARN_BLOCK_CAPTURE_AUTORELEASING = YES;
				CLANG_WARN_BOOL_CONVERSION = YES;
				CLANG_WARN_COMMA = YES;
				CLANG_WARN_CONSTANT_CONVERSION = YES;
				CLANG_WARN_DEPRECATED_OBJC_IMPLEMENTATIONS = YES;
				CLANG_WARN_DIRECT_OBJC_ISA_USAGE = YES_ERROR;
				CLANG_WARN_DOCUMENTATION_COMMENTS = YES;
				CLANG_WARN_EMPTY_BODY = YES;
				CLANG_WARN_ENUM_CONVERSION = YES;
				CLANG_WARN_INFINITE_RECURSION = YES;
				CLANG_WARN_INT_CONVERSION = YES;
				CLANG_WARN_NON_LITERAL_NULL_CONVERSION = YES;
				CLANG_WARN_OBJC_IMPLICIT_RETAIN_SELF = YES;
				CLANG_WARN_OBJC_LITERAL_CONVERSION = YES;
				CLANG_WARN_OBJC_ROOT_CLASS = YES_ERROR;
				CLANG_WARN_QUOTED_INCLUDE_IN_FRAMEWORK_HEADER = YES;
				CLANG_WARN_RANGE_LOOP_ANALYSIS = YES;
				CLANG_WARN_STRICT_PROTOTYPES = YES;
				CLANG_WARN_SUSPICIOUS_MOVE = YES;
				CLANG_WARN_UNGUARDED_AVAILABILITY = YES_AGGRESSIVE;
				CLANG_WARN_UNREACHABLE_CODE = YES;
				CLANG_WARN__DUPLICATE_METHOD_MATCH = YES;
				COPY_PHASE_STRIP = NO;
				DEBUG_INFORMATION_FORMAT = dwarf;
				ENABLE_STRICT_OBJC_MSGSEND = YES;
				ENABLE_TESTABILITY = YES;
				ENABLE_USER_SCRIPT_SANDBOXING = YES;
				GCC_C_LANGUAGE_STANDARD = gnu17;
				GCC_DYNAMIC_NO_PIC = NO;
				GCC_NO_COMMON_BLOCKS = YES;
				GCC_OPTIMIZATION_LEVEL = 0;
				GCC_PREPROCESSOR_DEFINITIONS = (
					"DEBUG=1",
					"$(inherited)",
				);
				GCC_WARN_64_TO_32_BIT_CONVERSION = YES;
				GCC_WARN_ABOUT_RETURN_TYPE = YES_ERROR;
				GCC_WARN_UNDECLARED_SELECTOR = YES;
				GCC_WARN_UNINITIALIZED_AUTOS = YES_AGGRESSIVE;
				GCC_WARN_UNUSED_FUNCTION = YES;
				GCC_WARN_UNUSED_VARIABLE = YES;
				IPHONEOS_DEPLOYMENT_TARGET = 17.0;
				LOCALIZATION_PREFERS_STRING_CATALOGS = YES;
				MTL_ENABLE_DEBUG_INFO = INCLUDE_SOURCE;
				MTL_FAST_MATH = YES;
				ONLY_ACTIVE_ARCH = YES;
				SDKROOT = iphoneos;
				SWIFT_ACTIVE_COMPILATION_CONDITIONS = "DEBUG $(inherited)";
				SWIFT_OPTIMIZATION_LEVEL = "-Onone";
			};
			name = Debug;
		};
		A545B8E82B0961C10082FEF6 /* Release */ = {
			isa = XCBuildConfiguration;
			buildSettings = {
				ALWAYS_SEARCH_USER_PATHS = NO;
				ASSETCATALOG_COMPILER_GENERATE_SWIFT_ASSET_SYMBOL_EXTENSIONS = YES;
				CLANG_ANALYZER_NONNULL = YES;
				CLANG_ANALYZER_NUMBER_OBJECT_CONVERSION = YES_AGGRESSIVE;
				CLANG_CXX_LANGUAGE_STANDARD = "gnu++20";
				CLANG_ENABLE_MODULES = YES;
				CLANG_ENABLE_OBJC_ARC = YES;
				CLANG_ENABLE_OBJC_WEAK = YES;
				CLANG_WARN_BLOCK_CAPTURE_AUTORELEASING = YES;
				CLANG_WARN_BOOL_CONVERSION = YES;
				CLANG_WARN_COMMA = YES;
				CLANG_WARN_CONSTANT_CONVERSION = YES;
				CLANG_WARN_DEPRECATED_OBJC_IMPLEMENTATIONS = YES;
				CLANG_WARN_DIRECT_OBJC_ISA_USAGE = YES_ERROR;
				CLANG_WARN_DOCUMENTATION_COMMENTS = YES;
				CLANG_WARN_EMPTY_BODY = YES;
				CLANG_WARN_ENUM_CONVERSION = YES;
				CLANG_WARN_INFINITE_RECURSION = YES;
				CLANG_WARN_INT_CONVERSION = YES;
				CLANG_WARN_NON_LITERAL_NULL_CONVERSION = YES;
				CLANG_WARN_OBJC_IMPLICIT_RETAIN_SELF = YES;
				CLANG_WARN_OBJC_LITERAL_CONVERSION = YES;
				CLANG_WARN_OBJC_ROOT_CLASS = YES_ERROR;
				CLANG_WARN_QUOTED_INCLUDE_IN_FRAMEWORK_HEADER = YES;
				CLANG_WARN_RANGE_LOOP_ANALYSIS = YES;
				CLANG_WARN_STRICT_PROTOTYPES = YES;
				CLANG_WARN_SUSPICIOUS_MOVE = YES;
				CLANG_WARN_UNGUARDED_AVAILABILITY = YES_AGGRESSIVE;
				CLANG_WARN_UNREACHABLE_CODE = YES;
				CLANG_WARN__DUPLICATE_METHOD_MATCH = YES;
				COPY_PHASE_STRIP = NO;
				DEBUG_INFORMATION_FORMAT = "dwarf-with-dsym";
				ENABLE_NS_ASSERTIONS = NO;
				ENABLE_STRICT_OBJC_MSGSEND = YES;
				ENABLE_USER_SCRIPT_SANDBOXING = YES;
				GCC_C_LANGUAGE_STANDARD = gnu17;
				GCC_NO_COMMON_BLOCKS = YES;
				GCC_WARN_64_TO_32_BIT_CONVERSION = YES;
				GCC_WARN_ABOUT_RETURN_TYPE = YES_ERROR;
				GCC_WARN_UNDECLARED_SELECTOR = YES;
				GCC_WARN_UNINITIALIZED_AUTOS = YES_AGGRESSIVE;
				GCC_WARN_UNUSED_FUNCTION = YES;
				GCC_WARN_UNUSED_VARIABLE = YES;
				IPHONEOS_DEPLOYMENT_TARGET = 17.0;
				LOCALIZATION_PREFERS_STRING_CATALOGS = YES;
				MTL_ENABLE_DEBUG_INFO = NO;
				MTL_FAST_MATH = YES;
				SDKROOT = iphoneos;
				SWIFT_COMPILATION_MODE = wholemodule;
				VALIDATE_PRODUCT = YES;
			};
			name = Release;
		};
		A545B8EA2B0961C10082FEF6 /* Debug */ = {
			isa = XCBuildConfiguration;
			buildSettings = {
				ASSETCATALOG_COMPILER_APPICON_NAME = AppIcon;
				ASSETCATALOG_COMPILER_GLOBAL_ACCENT_COLOR_NAME = AccentColor;
				CODE_SIGN_STYLE = Automatic;
				CURRENT_PROJECT_VERSION = 1;
				DEVELOPMENT_TEAM = 88LAH29P57;
				GENERATE_INFOPLIST_FILE = YES;
				INFOPLIST_FILE = Motional/Info.plist;
				INFOPLIST_KEY_UIApplicationSupportsIndirectInputEvents = YES;
				INFOPLIST_KEY_UILaunchStoryboardName = LaunchScreen;
				INFOPLIST_KEY_UIMainStoryboardFile = Main;
				INFOPLIST_KEY_UISupportedInterfaceOrientations_iPad = "UIInterfaceOrientationPortrait UIInterfaceOrientationPortraitUpsideDown UIInterfaceOrientationLandscapeLeft UIInterfaceOrientationLandscapeRight";
				INFOPLIST_KEY_UISupportedInterfaceOrientations_iPhone = "UIInterfaceOrientationPortrait UIInterfaceOrientationLandscapeLeft UIInterfaceOrientationLandscapeRight";
				LD_RUNPATH_SEARCH_PATHS = (
					"$(inherited)",
					"@executable_path/Frameworks",
				);
				MARKETING_VERSION = 1.0;
				PRODUCT_BUNDLE_IDENTIFIER = codepath.Motional;
				PRODUCT_NAME = "$(TARGET_NAME)";
				SWIFT_EMIT_LOC_STRINGS = YES;
				SWIFT_VERSION = 5.0;
				TARGETED_DEVICE_FAMILY = "1,2";
			};
			name = Debug;
		};
		A545B8EB2B0961C10082FEF6 /* Release */ = {
			isa = XCBuildConfiguration;
			buildSettings = {
				ASSETCATALOG_COMPILER_APPICON_NAME = AppIcon;
				ASSETCATALOG_COMPILER_GLOBAL_ACCENT_COLOR_NAME = AccentColor;
				CODE_SIGN_STYLE = Automatic;
				CURRENT_PROJECT_VERSION = 1;
				DEVELOPMENT_TEAM = 88LAH29P57;
				GENERATE_INFOPLIST_FILE = YES;
				INFOPLIST_FILE = Motional/Info.plist;
				INFOPLIST_KEY_UIApplicationSupportsIndirectInputEvents = YES;
				INFOPLIST_KEY_UILaunchStoryboardName = LaunchScreen;
				INFOPLIST_KEY_UIMainStoryboardFile = Main;
				INFOPLIST_KEY_UISupportedInterfaceOrientations_iPad = "UIInterfaceOrientationPortrait UIInterfaceOrientationPortraitUpsideDown UIInterfaceOrientationLandscapeLeft UIInterfaceOrientationLandscapeRight";
				INFOPLIST_KEY_UISupportedInterfaceOrientations_iPhone = "UIInterfaceOrientationPortrait UIInterfaceOrientationLandscapeLeft UIInterfaceOrientationLandscapeRight";
				LD_RUNPATH_SEARCH_PATHS = (
					"$(inherited)",
					"@executable_path/Frameworks",
				);
				MARKETING_VERSION = 1.0;
				PRODUCT_BUNDLE_IDENTIFIER = codepath.Motional;
				PRODUCT_NAME = "$(TARGET_NAME)";
				SWIFT_EMIT_LOC_STRINGS = YES;
				SWIFT_VERSION = 5.0;
				TARGETED_DEVICE_FAMILY = "1,2";
			};
			name = Release;
		};
		A545B8ED2B0961C10082FEF6 /* Debug */ = {
			isa = XCBuildConfiguration;
			buildSettings = {
				ALWAYS_EMBED_SWIFT_STANDARD_LIBRARIES = YES;
				BUNDLE_LOADER = "$(TEST_HOST)";
				CODE_SIGN_STYLE = Automatic;
				CURRENT_PROJECT_VERSION = 1;
				DEVELOPMENT_TEAM = 88LAH29P57;
				GENERATE_INFOPLIST_FILE = YES;
				IPHONEOS_DEPLOYMENT_TARGET = 17.0;
				MARKETING_VERSION = 1.0;
				PRODUCT_BUNDLE_IDENTIFIER = codepath.MotionalTests;
				PRODUCT_NAME = "$(TARGET_NAME)";
				SWIFT_EMIT_LOC_STRINGS = NO;
				SWIFT_VERSION = 5.0;
				TARGETED_DEVICE_FAMILY = "1,2";
				TEST_HOST = "$(BUILT_PRODUCTS_DIR)/Motional.app/$(BUNDLE_EXECUTABLE_FOLDER_PATH)/Motional";
			};
			name = Debug;
		};
		A545B8EE2B0961C10082FEF6 /* Release */ = {
			isa = XCBuildConfiguration;
			buildSettings = {
				ALWAYS_EMBED_SWIFT_STANDARD_LIBRARIES = YES;
				BUNDLE_LOADER = "$(TEST_HOST)";
				CODE_SIGN_STYLE = Automatic;
				CURRENT_PROJECT_VERSION = 1;
				DEVELOPMENT_TEAM = 88LAH29P57;
				GENERATE_INFOPLIST_FILE = YES;
				IPHONEOS_DEPLOYMENT_TARGET = 17.0;
				MARKETING_VERSION = 1.0;
				PRODUCT_BUNDLE_IDENTIFIER = codepath.MotionalTests;
				PRODUCT_NAME = "$(TARGET_NAME)";
				SWIFT_EMIT_LOC_STRINGS = NO;
				SWIFT_VERSION = 5.0;
				TARGETED_DEVICE_FAMILY = "1,2";
				TEST_HOST = "$(BUILT_PRODUCTS_DIR)/Motional.app/$(BUNDLE_EXECUTABLE_FOLDER_PATH)/Motional";
			};
			name = Release;
		};
		A545B8F02B0961C10082FEF6 /* Debug */ = {
			isa = XCBuildConfiguration;
			buildSettings = {
				ALWAYS_EMBED_SWIFT_STANDARD_LIBRARIES = YES;
				CODE_SIGN_STYLE = Automatic;
				CURRENT_PROJECT_VERSION = 1;
				DEVELOPMENT_TEAM = 88LAH29P57;
				GENERATE_INFOPLIST_FILE = YES;
				MARKETING_VERSION = 1.0;
				PRODUCT_BUNDLE_IDENTIFIER = codepath.MotionalUITests;
				PRODUCT_NAME = "$(TARGET_NAME)";
				SWIFT_EMIT_LOC_STRINGS = NO;
				SWIFT_VERSION = 5.0;
				TARGETED_DEVICE_FAMILY = "1,2";
				TEST_TARGET_NAME = Motional;
			};
			name = Debug;
		};
		A545B8F12B0961C10082FEF6 /* Release */ = {
			isa = XCBuildConfiguration;
			buildSettings = {
				ALWAYS_EMBED_SWIFT_STANDARD_LIBRARIES = YES;
				CODE_SIGN_STYLE = Automatic;
				CURRENT_PROJECT_VERSION = 1;
				DEVELOPMENT_TEAM = 88LAH29P57;
				GENERATE_INFOPLIST_FILE = YES;
				MARKETING_VERSION = 1.0;
				PRODUCT_BUNDLE_IDENTIFIER = codepath.MotionalUITests;
				PRODUCT_NAME = "$(TARGET_NAME)";
				SWIFT_EMIT_LOC_STRINGS = NO;
				SWIFT_VERSION = 5.0;
				TARGETED_DEVICE_FAMILY = "1,2";
				TEST_TARGET_NAME = Motional;
			};
			name = Release;
		};
/* End XCBuildConfiguration section */

/* Begin XCConfigurationList section */
		A545B8BA2B0961BF0082FEF6 /* Build configuration list for PBXProject "Motional" */ = {
			isa = XCConfigurationList;
			buildConfigurations = (
				A545B8E72B0961C10082FEF6 /* Debug */,
				A545B8E82B0961C10082FEF6 /* Release */,
			);
			defaultConfigurationIsVisible = 0;
			defaultConfigurationName = Release;
		};
		A545B8E92B0961C10082FEF6 /* Build configuration list for PBXNativeTarget "Motional" */ = {
			isa = XCConfigurationList;
			buildConfigurations = (
				A545B8EA2B0961C10082FEF6 /* Debug */,
				A545B8EB2B0961C10082FEF6 /* Release */,
			);
			defaultConfigurationIsVisible = 0;
			defaultConfigurationName = Release;
		};
		A545B8EC2B0961C10082FEF6 /* Build configuration list for PBXNativeTarget "MotionalTests" */ = {
			isa = XCConfigurationList;
			buildConfigurations = (
				A545B8ED2B0961C10082FEF6 /* Debug */,
				A545B8EE2B0961C10082FEF6 /* Release */,
			);
			defaultConfigurationIsVisible = 0;
			defaultConfigurationName = Release;
		};
		A545B8EF2B0961C10082FEF6 /* Build configuration list for PBXNativeTarget "MotionalUITests" */ = {
			isa = XCConfigurationList;
			buildConfigurations = (
				A545B8F02B0961C10082FEF6 /* Debug */,
				A545B8F12B0961C10082FEF6 /* Release */,
			);
			defaultConfigurationIsVisible = 0;
			defaultConfigurationName = Release;
		};
/* End XCConfigurationList section */
	};
	rootObject = A545B8B72B0961BF0082FEF6 /* Project object */;
}
