// !$*UTF8*$!
{
	archiveVersion = 1;
	classes = {
	};
	objectVersion = 56;
	objects = {

/* Begin PBXBuildFile section */
		A52B8B272B093E630048A89C /* DetailViewController.swift in Sources */ = {isa = PBXBuildFile; fileRef = A52B8B262B093E630048A89C /* DetailViewController.swift */; };
		A52B8B292B094D300048A89C /* Exercise.swift in Sources */ = {isa = PBXBuildFile; fileRef = A52B8B282B094D300048A89C /* Exercise.swift */; };
		A5BEA20C2AFAF8710001F2C5 /* AppDelegate.swift in Sources */ = {isa = PBXBuildFile; fileRef = A5BEA20B2AFAF8710001F2C5 /* AppDelegate.swift */; };
		A5BEA20E2AFAF8710001F2C5 /* SceneDelegate.swift in Sources */ = {isa = PBXBuildFile; fileRef = A5BEA20D2AFAF8710001F2C5 /* SceneDelegate.swift */; };
		A5BEA2102AFAF8710001F2C5 /* ViewController.swift in Sources */ = {isa = PBXBuildFile; fileRef = A5BEA20F2AFAF8710001F2C5 /* ViewController.swift */; };
		A5BEA2132AFAF8710001F2C5 /* Main.storyboard in Resources */ = {isa = PBXBuildFile; fileRef = A5BEA2112AFAF8710001F2C5 /* Main.storyboard */; };
		A5BEA2152AFAF8720001F2C5 /* Assets.xcassets in Resources */ = {isa = PBXBuildFile; fileRef = A5BEA2142AFAF8720001F2C5 /* Assets.xcassets */; };
		A5BEA2182AFAF8720001F2C5 /* LaunchScreen.storyboard in Resources */ = {isa = PBXBuildFile; fileRef = A5BEA2162AFAF8720001F2C5 /* LaunchScreen.storyboard */; };
		A5BEA2232AFAF8720001F2C5 /* MotionalTests.swift in Sources */ = {isa = PBXBuildFile; fileRef = A5BEA2222AFAF8720001F2C5 /* MotionalTests.swift */; };
		A5BEA22D2AFAF8720001F2C5 /* MotionalUITests.swift in Sources */ = {isa = PBXBuildFile; fileRef = A5BEA22C2AFAF8720001F2C5 /* MotionalUITests.swift */; };
		A5BEA22F2AFAF8720001F2C5 /* MotionalUITestsLaunchTests.swift in Sources */ = {isa = PBXBuildFile; fileRef = A5BEA22E2AFAF8720001F2C5 /* MotionalUITestsLaunchTests.swift */; };
/* End PBXBuildFile section */

/* Begin PBXContainerItemProxy section */
		A5BEA21F2AFAF8720001F2C5 /* PBXContainerItemProxy */ = {
			isa = PBXContainerItemProxy;
			containerPortal = A5BEA2002AFAF8710001F2C5 /* Project object */;
			proxyType = 1;
			remoteGlobalIDString = A5BEA2072AFAF8710001F2C5;
			remoteInfo = Motional;
		};
		A5BEA2292AFAF8720001F2C5 /* PBXContainerItemProxy */ = {
			isa = PBXContainerItemProxy;
			containerPortal = A5BEA2002AFAF8710001F2C5 /* Project object */;
			proxyType = 1;
			remoteGlobalIDString = A5BEA2072AFAF8710001F2C5;
			remoteInfo = Motional;
		};
/* End PBXContainerItemProxy section */

/* Begin PBXFileReference section */
		A52B8B262B093E630048A89C /* DetailViewController.swift */ = {isa = PBXFileReference; lastKnownFileType = sourcecode.swift; path = DetailViewController.swift; sourceTree = "<group>"; };
		A52B8B282B094D300048A89C /* Exercise.swift */ = {isa = PBXFileReference; lastKnownFileType = sourcecode.swift; path = Exercise.swift; sourceTree = "<group>"; };
		A5BEA2082AFAF8710001F2C5 /* Motional.app */ = {isa = PBXFileReference; explicitFileType = wrapper.application; includeInIndex = 0; path = Motional.app; sourceTree = BUILT_PRODUCTS_DIR; };
		A5BEA20B2AFAF8710001F2C5 /* AppDelegate.swift */ = {isa = PBXFileReference; lastKnownFileType = sourcecode.swift; path = AppDelegate.swift; sourceTree = "<group>"; };
		A5BEA20D2AFAF8710001F2C5 /* SceneDelegate.swift */ = {isa = PBXFileReference; lastKnownFileType = sourcecode.swift; path = SceneDelegate.swift; sourceTree = "<group>"; };
		A5BEA20F2AFAF8710001F2C5 /* ViewController.swift */ = {isa = PBXFileReference; lastKnownFileType = sourcecode.swift; path = ViewController.swift; sourceTree = "<group>"; };
		A5BEA2122AFAF8710001F2C5 /* Base */ = {isa = PBXFileReference; lastKnownFileType = file.storyboard; name = Base; path = Base.lproj/Main.storyboard; sourceTree = "<group>"; };
		A5BEA2142AFAF8720001F2C5 /* Assets.xcassets */ = {isa = PBXFileReference; lastKnownFileType = folder.assetcatalog; path = Assets.xcassets; sourceTree = "<group>"; };
		A5BEA2172AFAF8720001F2C5 /* Base */ = {isa = PBXFileReference; lastKnownFileType = file.storyboard; name = Base; path = Base.lproj/LaunchScreen.storyboard; sourceTree = "<group>"; };
		A5BEA2192AFAF8720001F2C5 /* Info.plist */ = {isa = PBXFileReference; lastKnownFileType = text.plist.xml; path = Info.plist; sourceTree = "<group>"; };
		A5BEA21E2AFAF8720001F2C5 /* MotionalTests.xctest */ = {isa = PBXFileReference; explicitFileType = wrapper.cfbundle; includeInIndex = 0; path = MotionalTests.xctest; sourceTree = BUILT_PRODUCTS_DIR; };
		A5BEA2222AFAF8720001F2C5 /* MotionalTests.swift */ = {isa = PBXFileReference; lastKnownFileType = sourcecode.swift; path = MotionalTests.swift; sourceTree = "<group>"; };
		A5BEA2282AFAF8720001F2C5 /* MotionalUITests.xctest */ = {isa = PBXFileReference; explicitFileType = wrapper.cfbundle; includeInIndex = 0; path = MotionalUITests.xctest; sourceTree = BUILT_PRODUCTS_DIR; };
		A5BEA22C2AFAF8720001F2C5 /* MotionalUITests.swift */ = {isa = PBXFileReference; lastKnownFileType = sourcecode.swift; path = MotionalUITests.swift; sourceTree = "<group>"; };
		A5BEA22E2AFAF8720001F2C5 /* MotionalUITestsLaunchTests.swift */ = {isa = PBXFileReference; lastKnownFileType = sourcecode.swift; path = MotionalUITestsLaunchTests.swift; sourceTree = "<group>"; };
/* End PBXFileReference section */

/* Begin PBXFrameworksBuildPhase section */
		A5BEA2052AFAF8710001F2C5 /* Frameworks */ = {
			isa = PBXFrameworksBuildPhase;
			buildActionMask = 2147483647;
			files = (
			);
			runOnlyForDeploymentPostprocessing = 0;
		};
		A5BEA21B2AFAF8720001F2C5 /* Frameworks */ = {
			isa = PBXFrameworksBuildPhase;
			buildActionMask = 2147483647;
			files = (
			);
			runOnlyForDeploymentPostprocessing = 0;
		};
		A5BEA2252AFAF8720001F2C5 /* Frameworks */ = {
			isa = PBXFrameworksBuildPhase;
			buildActionMask = 2147483647;
			files = (
			);
			runOnlyForDeploymentPostprocessing = 0;
		};
/* End PBXFrameworksBuildPhase section */

/* Begin PBXGroup section */
		A5BEA1FF2AFAF8710001F2C5 = {
			isa = PBXGroup;
			children = (
				A5BEA20A2AFAF8710001F2C5 /* Motional */,
				A5BEA2212AFAF8720001F2C5 /* MotionalTests */,
				A5BEA22B2AFAF8720001F2C5 /* MotionalUITests */,
				A5BEA2092AFAF8710001F2C5 /* Products */,
			);
			sourceTree = "<group>";
		};
		A5BEA2092AFAF8710001F2C5 /* Products */ = {
			isa = PBXGroup;
			children = (
				A5BEA2082AFAF8710001F2C5 /* Motional.app */,
				A5BEA21E2AFAF8720001F2C5 /* MotionalTests.xctest */,
				A5BEA2282AFAF8720001F2C5 /* MotionalUITests.xctest */,
			);
			name = Products;
			sourceTree = "<group>";
		};
		A5BEA20A2AFAF8710001F2C5 /* Motional */ = {
			isa = PBXGroup;
			children = (
				A5BEA20B2AFAF8710001F2C5 /* AppDelegate.swift */,
				A5BEA20D2AFAF8710001F2C5 /* SceneDelegate.swift */,
				A5BEA20F2AFAF8710001F2C5 /* ViewController.swift */,
				A52B8B262B093E630048A89C /* DetailViewController.swift */,
				A52B8B282B094D300048A89C /* Exercise.swift */,
				A5BEA2112AFAF8710001F2C5 /* Main.storyboard */,
				A5BEA2142AFAF8720001F2C5 /* Assets.xcassets */,
				A5BEA2162AFAF8720001F2C5 /* LaunchScreen.storyboard */,
				A5BEA2192AFAF8720001F2C5 /* Info.plist */,
			);
			path = Motional;
			sourceTree = "<group>";
		};
		A5BEA2212AFAF8720001F2C5 /* MotionalTests */ = {
			isa = PBXGroup;
			children = (
				A5BEA2222AFAF8720001F2C5 /* MotionalTests.swift */,
			);
			path = MotionalTests;
			sourceTree = "<group>";
		};
		A5BEA22B2AFAF8720001F2C5 /* MotionalUITests */ = {
			isa = PBXGroup;
			children = (
				A5BEA22C2AFAF8720001F2C5 /* MotionalUITests.swift */,
				A5BEA22E2AFAF8720001F2C5 /* MotionalUITestsLaunchTests.swift */,
			);
			path = MotionalUITests;
			sourceTree = "<group>";
		};
/* End PBXGroup section */

/* Begin PBXNativeTarget section */
		A5BEA2072AFAF8710001F2C5 /* Motional */ = {
			isa = PBXNativeTarget;
			buildConfigurationList = A5BEA2322AFAF8720001F2C5 /* Build configuration list for PBXNativeTarget "Motional" */;
			buildPhases = (
				A5BEA2042AFAF8710001F2C5 /* Sources */,
				A5BEA2052AFAF8710001F2C5 /* Frameworks */,
				A5BEA2062AFAF8710001F2C5 /* Resources */,
			);
			buildRules = (
			);
			dependencies = (
			);
			name = Motional;
			productName = Motional;
			productReference = A5BEA2082AFAF8710001F2C5 /* Motional.app */;
			productType = "com.apple.product-type.application";
		};
		A5BEA21D2AFAF8720001F2C5 /* MotionalTests */ = {
			isa = PBXNativeTarget;
			buildConfigurationList = A5BEA2352AFAF8720001F2C5 /* Build configuration list for PBXNativeTarget "MotionalTests" */;
			buildPhases = (
				A5BEA21A2AFAF8720001F2C5 /* Sources */,
				A5BEA21B2AFAF8720001F2C5 /* Frameworks */,
				A5BEA21C2AFAF8720001F2C5 /* Resources */,
			);
			buildRules = (
			);
			dependencies = (
				A5BEA2202AFAF8720001F2C5 /* PBXTargetDependency */,
			);
			name = MotionalTests;
			productName = MotionalTests;
			productReference = A5BEA21E2AFAF8720001F2C5 /* MotionalTests.xctest */;
			productType = "com.apple.product-type.bundle.unit-test";
		};
		A5BEA2272AFAF8720001F2C5 /* MotionalUITests */ = {
			isa = PBXNativeTarget;
			buildConfigurationList = A5BEA2382AFAF8720001F2C5 /* Build configuration list for PBXNativeTarget "MotionalUITests" */;
			buildPhases = (
				A5BEA2242AFAF8720001F2C5 /* Sources */,
				A5BEA2252AFAF8720001F2C5 /* Frameworks */,
				A5BEA2262AFAF8720001F2C5 /* Resources */,
			);
			buildRules = (
			);
			dependencies = (
				A5BEA22A2AFAF8720001F2C5 /* PBXTargetDependency */,
			);
			name = MotionalUITests;
			productName = MotionalUITests;
			productReference = A5BEA2282AFAF8720001F2C5 /* MotionalUITests.xctest */;
			productType = "com.apple.product-type.bundle.ui-testing";
		};
/* End PBXNativeTarget section */

/* Begin PBXProject section */
		A5BEA2002AFAF8710001F2C5 /* Project object */ = {
			isa = PBXProject;
			attributes = {
				BuildIndependentTargetsInParallel = 1;
				LastSwiftUpdateCheck = 1500;
				LastUpgradeCheck = 1500;
				TargetAttributes = {
					A5BEA2072AFAF8710001F2C5 = {
						CreatedOnToolsVersion = 15.0.1;
					};
					A5BEA21D2AFAF8720001F2C5 = {
						CreatedOnToolsVersion = 15.0.1;
						TestTargetID = A5BEA2072AFAF8710001F2C5;
					};
					A5BEA2272AFAF8720001F2C5 = {
						CreatedOnToolsVersion = 15.0.1;
						TestTargetID = A5BEA2072AFAF8710001F2C5;
					};
				};
			};
			buildConfigurationList = A5BEA2032AFAF8710001F2C5 /* Build configuration list for PBXProject "Motional" */;
			compatibilityVersion = "Xcode 14.0";
			developmentRegion = en;
			hasScannedForEncodings = 0;
			knownRegions = (
				en,
				Base,
			);
			mainGroup = A5BEA1FF2AFAF8710001F2C5;
			productRefGroup = A5BEA2092AFAF8710001F2C5 /* Products */;
			projectDirPath = "";
			projectRoot = "";
			targets = (
				A5BEA2072AFAF8710001F2C5 /* Motional */,
				A5BEA21D2AFAF8720001F2C5 /* MotionalTests */,
				A5BEA2272AFAF8720001F2C5 /* MotionalUITests */,
			);
		};
/* End PBXProject section */

/* Begin PBXResourcesBuildPhase section */
		A5BEA2062AFAF8710001F2C5 /* Resources */ = {
			isa = PBXResourcesBuildPhase;
			buildActionMask = 2147483647;
			files = (
				A5BEA2182AFAF8720001F2C5 /* LaunchScreen.storyboard in Resources */,
				A5BEA2152AFAF8720001F2C5 /* Assets.xcassets in Resources */,
				A5BEA2132AFAF8710001F2C5 /* Main.storyboard in Resources */,
			);
			runOnlyForDeploymentPostprocessing = 0;
		};
		A5BEA21C2AFAF8720001F2C5 /* Resources */ = {
			isa = PBXResourcesBuildPhase;
			buildActionMask = 2147483647;
			files = (
			);
			runOnlyForDeploymentPostprocessing = 0;
		};
		A5BEA2262AFAF8720001F2C5 /* Resources */ = {
			isa = PBXResourcesBuildPhase;
			buildActionMask = 2147483647;
			files = (
			);
			runOnlyForDeploymentPostprocessing = 0;
		};
/* End PBXResourcesBuildPhase section */

/* Begin PBXSourcesBuildPhase section */
		A5BEA2042AFAF8710001F2C5 /* Sources */ = {
			isa = PBXSourcesBuildPhase;
			buildActionMask = 2147483647;
			files = (
				A52B8B292B094D300048A89C /* Exercise.swift in Sources */,
				A5BEA2102AFAF8710001F2C5 /* ViewController.swift in Sources */,
				A5BEA20C2AFAF8710001F2C5 /* AppDelegate.swift in Sources */,
				A52B8B272B093E630048A89C /* DetailViewController.swift in Sources */,
				A5BEA20E2AFAF8710001F2C5 /* SceneDelegate.swift in Sources */,
			);
			runOnlyForDeploymentPostprocessing = 0;
		};
		A5BEA21A2AFAF8720001F2C5 /* Sources */ = {
			isa = PBXSourcesBuildPhase;
			buildActionMask = 2147483647;
			files = (
				A5BEA2232AFAF8720001F2C5 /* MotionalTests.swift in Sources */,
			);
			runOnlyForDeploymentPostprocessing = 0;
		};
		A5BEA2242AFAF8720001F2C5 /* Sources */ = {
			isa = PBXSourcesBuildPhase;
			buildActionMask = 2147483647;
			files = (
				A5BEA22F2AFAF8720001F2C5 /* MotionalUITestsLaunchTests.swift in Sources */,
				A5BEA22D2AFAF8720001F2C5 /* MotionalUITests.swift in Sources */,
			);
			runOnlyForDeploymentPostprocessing = 0;
		};
/* End PBXSourcesBuildPhase section */

/* Begin PBXTargetDependency section */
		A5BEA2202AFAF8720001F2C5 /* PBXTargetDependency */ = {
			isa = PBXTargetDependency;
			target = A5BEA2072AFAF8710001F2C5 /* Motional */;
			targetProxy = A5BEA21F2AFAF8720001F2C5 /* PBXContainerItemProxy */;
		};
		A5BEA22A2AFAF8720001F2C5 /* PBXTargetDependency */ = {
			isa = PBXTargetDependency;
			target = A5BEA2072AFAF8710001F2C5 /* Motional */;
			targetProxy = A5BEA2292AFAF8720001F2C5 /* PBXContainerItemProxy */;
		};
/* End PBXTargetDependency section */

/* Begin PBXVariantGroup section */
		A5BEA2112AFAF8710001F2C5 /* Main.storyboard */ = {
			isa = PBXVariantGroup;
			children = (
				A5BEA2122AFAF8710001F2C5 /* Base */,
			);
			name = Main.storyboard;
			sourceTree = "<group>";
		};
		A5BEA2162AFAF8720001F2C5 /* LaunchScreen.storyboard */ = {
			isa = PBXVariantGroup;
			children = (
				A5BEA2172AFAF8720001F2C5 /* Base */,
			);
			name = LaunchScreen.storyboard;
			sourceTree = "<group>";
		};
/* End PBXVariantGroup section */

/* Begin XCBuildConfiguration section */
		A5BEA2302AFAF8720001F2C5 /* Debug */ = {
			isa = XCBuildConfiguration;
			buildSettings = {
				ALWAYS_SEARCH_USER_PATHS = NO;
				ASSETCATALOG_COMPILER_GENERATE_SWIFT_ASSET_SYMBOL_EXTENSIONS = YES;
				CLANG_ANALYZER_NONNULL = YES;
				CLANG_ANALYZER_NUMBER_OBJECT_CONVERSION = YES_AGGRESSIVE;
				CLANG_CXX_LANGUAGE_STANDARD = "gnu++20";
				CLANG_ENABLE_MODULES = YES;
				CLANG_ENABLE_OBJC_ARC = YES;
				CLANG_ENABLE_OBJC_WEAK = YES;
				CLANG_WARN_BLOCK_CAPTURE_AUTORELEASING = YES;
				CLANG_WARN_BOOL_CONVERSION = YES;
				CLANG_WARN_COMMA = YES;
				CLANG_WARN_CONSTANT_CONVERSION = YES;
				CLANG_WARN_DEPRECATED_OBJC_IMPLEMENTATIONS = YES;
				CLANG_WARN_DIRECT_OBJC_ISA_USAGE = YES_ERROR;
				CLANG_WARN_DOCUMENTATION_COMMENTS = YES;
				CLANG_WARN_EMPTY_BODY = YES;
				CLANG_WARN_ENUM_CONVERSION = YES;
				CLANG_WARN_INFINITE_RECURSION = YES;
				CLANG_WARN_INT_CONVERSION = YES;
				CLANG_WARN_NON_LITERAL_NULL_CONVERSION = YES;
				CLANG_WARN_OBJC_IMPLICIT_RETAIN_SELF = YES;
				CLANG_WARN_OBJC_LITERAL_CONVERSION = YES;
				CLANG_WARN_OBJC_ROOT_CLASS = YES_ERROR;
				CLANG_WARN_QUOTED_INCLUDE_IN_FRAMEWORK_HEADER = YES;
				CLANG_WARN_RANGE_LOOP_ANALYSIS = YES;
				CLANG_WARN_STRICT_PROTOTYPES = YES;
				CLANG_WARN_SUSPICIOUS_MOVE = YES;
				CLANG_WARN_UNGUARDED_AVAILABILITY = YES_AGGRESSIVE;
				CLANG_WARN_UNREACHABLE_CODE = YES;
				CLANG_WARN__DUPLICATE_METHOD_MATCH = YES;
				COPY_PHASE_STRIP = NO;
				DEBUG_INFORMATION_FORMAT = dwarf;
				ENABLE_STRICT_OBJC_MSGSEND = YES;
				ENABLE_TESTABILITY = YES;
				ENABLE_USER_SCRIPT_SANDBOXING = YES;
				GCC_C_LANGUAGE_STANDARD = gnu17;
				GCC_DYNAMIC_NO_PIC = NO;
				GCC_NO_COMMON_BLOCKS = YES;
				GCC_OPTIMIZATION_LEVEL = 0;
				GCC_PREPROCESSOR_DEFINITIONS = (
					"DEBUG=1",
					"$(inherited)",
				);
				GCC_WARN_64_TO_32_BIT_CONVERSION = YES;
				GCC_WARN_ABOUT_RETURN_TYPE = YES_ERROR;
				GCC_WARN_UNDECLARED_SELECTOR = YES;
				GCC_WARN_UNINITIALIZED_AUTOS = YES_AGGRESSIVE;
				GCC_WARN_UNUSED_FUNCTION = YES;
				GCC_WARN_UNUSED_VARIABLE = YES;
				IPHONEOS_DEPLOYMENT_TARGET = 17.0;
				LOCALIZATION_PREFERS_STRING_CATALOGS = YES;
				MTL_ENABLE_DEBUG_INFO = INCLUDE_SOURCE;
				MTL_FAST_MATH = YES;
				ONLY_ACTIVE_ARCH = YES;
				SDKROOT = iphoneos;
				SWIFT_ACTIVE_COMPILATION_CONDITIONS = "DEBUG $(inherited)";
				SWIFT_OPTIMIZATION_LEVEL = "-Onone";
			};
			name = Debug;
		};
		A5BEA2312AFAF8720001F2C5 /* Release */ = {
			isa = XCBuildConfiguration;
			buildSettings = {
				ALWAYS_SEARCH_USER_PATHS = NO;
				ASSETCATALOG_COMPILER_GENERATE_SWIFT_ASSET_SYMBOL_EXTENSIONS = YES;
				CLANG_ANALYZER_NONNULL = YES;
				CLANG_ANALYZER_NUMBER_OBJECT_CONVERSION = YES_AGGRESSIVE;
				CLANG_CXX_LANGUAGE_STANDARD = "gnu++20";
				CLANG_ENABLE_MODULES = YES;
				CLANG_ENABLE_OBJC_ARC = YES;
				CLANG_ENABLE_OBJC_WEAK = YES;
				CLANG_WARN_BLOCK_CAPTURE_AUTORELEASING = YES;
				CLANG_WARN_BOOL_CONVERSION = YES;
				CLANG_WARN_COMMA = YES;
				CLANG_WARN_CONSTANT_CONVERSION = YES;
				CLANG_WARN_DEPRECATED_OBJC_IMPLEMENTATIONS = YES;
				CLANG_WARN_DIRECT_OBJC_ISA_USAGE = YES_ERROR;
				CLANG_WARN_DOCUMENTATION_COMMENTS = YES;
				CLANG_WARN_EMPTY_BODY = YES;
				CLANG_WARN_ENUM_CONVERSION = YES;
				CLANG_WARN_INFINITE_RECURSION = YES;
				CLANG_WARN_INT_CONVERSION = YES;
				CLANG_WARN_NON_LITERAL_NULL_CONVERSION = YES;
				CLANG_WARN_OBJC_IMPLICIT_RETAIN_SELF = YES;
				CLANG_WARN_OBJC_LITERAL_CONVERSION = YES;
				CLANG_WARN_OBJC_ROOT_CLASS = YES_ERROR;
				CLANG_WARN_QUOTED_INCLUDE_IN_FRAMEWORK_HEADER = YES;
				CLANG_WARN_RANGE_LOOP_ANALYSIS = YES;
				CLANG_WARN_STRICT_PROTOTYPES = YES;
				CLANG_WARN_SUSPICIOUS_MOVE = YES;
				CLANG_WARN_UNGUARDED_AVAILABILITY = YES_AGGRESSIVE;
				CLANG_WARN_UNREACHABLE_CODE = YES;
				CLANG_WARN__DUPLICATE_METHOD_MATCH = YES;
				COPY_PHASE_STRIP = NO;
				DEBUG_INFORMATION_FORMAT = "dwarf-with-dsym";
				ENABLE_NS_ASSERTIONS = NO;
				ENABLE_STRICT_OBJC_MSGSEND = YES;
				ENABLE_USER_SCRIPT_SANDBOXING = YES;
				GCC_C_LANGUAGE_STANDARD = gnu17;
				GCC_NO_COMMON_BLOCKS = YES;
				GCC_WARN_64_TO_32_BIT_CONVERSION = YES;
				GCC_WARN_ABOUT_RETURN_TYPE = YES_ERROR;
				GCC_WARN_UNDECLARED_SELECTOR = YES;
				GCC_WARN_UNINITIALIZED_AUTOS = YES_AGGRESSIVE;
				GCC_WARN_UNUSED_FUNCTION = YES;
				GCC_WARN_UNUSED_VARIABLE = YES;
				IPHONEOS_DEPLOYMENT_TARGET = 17.0;
				LOCALIZATION_PREFERS_STRING_CATALOGS = YES;
				MTL_ENABLE_DEBUG_INFO = NO;
				MTL_FAST_MATH = YES;
				SDKROOT = iphoneos;
				SWIFT_COMPILATION_MODE = wholemodule;
				VALIDATE_PRODUCT = YES;
			};
			name = Release;
		};
		A5BEA2332AFAF8720001F2C5 /* Debug */ = {
			isa = XCBuildConfiguration;
			buildSettings = {
				ASSETCATALOG_COMPILER_APPICON_NAME = AppIcon;
				ASSETCATALOG_COMPILER_GLOBAL_ACCENT_COLOR_NAME = AccentColor;
				CODE_SIGN_STYLE = Automatic;
				CURRENT_PROJECT_VERSION = 1;
				DEVELOPMENT_TEAM = 88LAH29P57;
				GENERATE_INFOPLIST_FILE = YES;
				INFOPLIST_FILE = Motional/Info.plist;
				INFOPLIST_KEY_UIApplicationSupportsIndirectInputEvents = YES;
				INFOPLIST_KEY_UILaunchStoryboardName = LaunchScreen;
				INFOPLIST_KEY_UIMainStoryboardFile = Main;
				INFOPLIST_KEY_UISupportedInterfaceOrientations_iPad = "UIInterfaceOrientationPortrait UIInterfaceOrientationPortraitUpsideDown UIInterfaceOrientationLandscapeLeft UIInterfaceOrientationLandscapeRight";
				INFOPLIST_KEY_UISupportedInterfaceOrientations_iPhone = "UIInterfaceOrientationPortrait UIInterfaceOrientationLandscapeLeft UIInterfaceOrientationLandscapeRight";
				LD_RUNPATH_SEARCH_PATHS = (
					"$(inherited)",
					"@executable_path/Frameworks",
				);
				MARKETING_VERSION = 1.0;
				PRODUCT_BUNDLE_IDENTIFIER = CodePath.Motional;
				PRODUCT_NAME = "$(TARGET_NAME)";
				SWIFT_EMIT_LOC_STRINGS = YES;
				SWIFT_VERSION = 5.0;
				TARGETED_DEVICE_FAMILY = "1,2";
			};
			name = Debug;
		};
		A5BEA2342AFAF8720001F2C5 /* Release */ = {
			isa = XCBuildConfiguration;
			buildSettings = {
				ASSETCATALOG_COMPILER_APPICON_NAME = AppIcon;
				ASSETCATALOG_COMPILER_GLOBAL_ACCENT_COLOR_NAME = AccentColor;
				CODE_SIGN_STYLE = Automatic;
				CURRENT_PROJECT_VERSION = 1;
				DEVELOPMENT_TEAM = 88LAH29P57;
				GENERATE_INFOPLIST_FILE = YES;
				INFOPLIST_FILE = Motional/Info.plist;
				INFOPLIST_KEY_UIApplicationSupportsIndirectInputEvents = YES;
				INFOPLIST_KEY_UILaunchStoryboardName = LaunchScreen;
				INFOPLIST_KEY_UIMainStoryboardFile = Main;
				INFOPLIST_KEY_UISupportedInterfaceOrientations_iPad = "UIInterfaceOrientationPortrait UIInterfaceOrientationPortraitUpsideDown UIInterfaceOrientationLandscapeLeft UIInterfaceOrientationLandscapeRight";
				INFOPLIST_KEY_UISupportedInterfaceOrientations_iPhone = "UIInterfaceOrientationPortrait UIInterfaceOrientationLandscapeLeft UIInterfaceOrientationLandscapeRight";
				LD_RUNPATH_SEARCH_PATHS = (
					"$(inherited)",
					"@executable_path/Frameworks",
				);
				MARKETING_VERSION = 1.0;
				PRODUCT_BUNDLE_IDENTIFIER = CodePath.Motional;
				PRODUCT_NAME = "$(TARGET_NAME)";
				SWIFT_EMIT_LOC_STRINGS = YES;
				SWIFT_VERSION = 5.0;
				TARGETED_DEVICE_FAMILY = "1,2";
			};
			name = Release;
		};
		A5BEA2362AFAF8720001F2C5 /* Debug */ = {
			isa = XCBuildConfiguration;
			buildSettings = {
				ALWAYS_EMBED_SWIFT_STANDARD_LIBRARIES = YES;
				BUNDLE_LOADER = "$(TEST_HOST)";
				CODE_SIGN_STYLE = Automatic;
				CURRENT_PROJECT_VERSION = 1;
				DEVELOPMENT_TEAM = 88LAH29P57;
				GENERATE_INFOPLIST_FILE = YES;
				IPHONEOS_DEPLOYMENT_TARGET = 17.0;
				MARKETING_VERSION = 1.0;
				PRODUCT_BUNDLE_IDENTIFIER = CodePath.MotionalTests;
				PRODUCT_NAME = "$(TARGET_NAME)";
				SWIFT_EMIT_LOC_STRINGS = NO;
				SWIFT_VERSION = 5.0;
				TARGETED_DEVICE_FAMILY = "1,2";
				TEST_HOST = "$(BUILT_PRODUCTS_DIR)/Motional.app/$(BUNDLE_EXECUTABLE_FOLDER_PATH)/Motional";
			};
			name = Debug;
		};
		A5BEA2372AFAF8720001F2C5 /* Release */ = {
			isa = XCBuildConfiguration;
			buildSettings = {
				ALWAYS_EMBED_SWIFT_STANDARD_LIBRARIES = YES;
				BUNDLE_LOADER = "$(TEST_HOST)";
				CODE_SIGN_STYLE = Automatic;
				CURRENT_PROJECT_VERSION = 1;
				DEVELOPMENT_TEAM = 88LAH29P57;
				GENERATE_INFOPLIST_FILE = YES;
				IPHONEOS_DEPLOYMENT_TARGET = 17.0;
				MARKETING_VERSION = 1.0;
				PRODUCT_BUNDLE_IDENTIFIER = CodePath.MotionalTests;
				PRODUCT_NAME = "$(TARGET_NAME)";
				SWIFT_EMIT_LOC_STRINGS = NO;
				SWIFT_VERSION = 5.0;
				TARGETED_DEVICE_FAMILY = "1,2";
				TEST_HOST = "$(BUILT_PRODUCTS_DIR)/Motional.app/$(BUNDLE_EXECUTABLE_FOLDER_PATH)/Motional";
			};
			name = Release;
		};
		A5BEA2392AFAF8720001F2C5 /* Debug */ = {
			isa = XCBuildConfiguration;
			buildSettings = {
				ALWAYS_EMBED_SWIFT_STANDARD_LIBRARIES = YES;
				CODE_SIGN_STYLE = Automatic;
				CURRENT_PROJECT_VERSION = 1;
				DEVELOPMENT_TEAM = 88LAH29P57;
				GENERATE_INFOPLIST_FILE = YES;
				MARKETING_VERSION = 1.0;
				PRODUCT_BUNDLE_IDENTIFIER = CodePath.MotionalUITests;
				PRODUCT_NAME = "$(TARGET_NAME)";
				SWIFT_EMIT_LOC_STRINGS = NO;
				SWIFT_VERSION = 5.0;
				TARGETED_DEVICE_FAMILY = "1,2";
				TEST_TARGET_NAME = Motional;
			};
			name = Debug;
		};
		A5BEA23A2AFAF8720001F2C5 /* Release */ = {
			isa = XCBuildConfiguration;
			buildSettings = {
				ALWAYS_EMBED_SWIFT_STANDARD_LIBRARIES = YES;
				CODE_SIGN_STYLE = Automatic;
				CURRENT_PROJECT_VERSION = 1;
				DEVELOPMENT_TEAM = 88LAH29P57;
				GENERATE_INFOPLIST_FILE = YES;
				MARKETING_VERSION = 1.0;
				PRODUCT_BUNDLE_IDENTIFIER = CodePath.MotionalUITests;
				PRODUCT_NAME = "$(TARGET_NAME)";
				SWIFT_EMIT_LOC_STRINGS = NO;
				SWIFT_VERSION = 5.0;
				TARGETED_DEVICE_FAMILY = "1,2";
				TEST_TARGET_NAME = Motional;
			};
			name = Release;
		};
/* End XCBuildConfiguration section */

/* Begin XCConfigurationList section */
		A5BEA2032AFAF8710001F2C5 /* Build configuration list for PBXProject "Motional" */ = {
			isa = XCConfigurationList;
			buildConfigurations = (
				A5BEA2302AFAF8720001F2C5 /* Debug */,
				A5BEA2312AFAF8720001F2C5 /* Release */,
			);
			defaultConfigurationIsVisible = 0;
			defaultConfigurationName = Release;
		};
		A5BEA2322AFAF8720001F2C5 /* Build configuration list for PBXNativeTarget "Motional" */ = {
			isa = XCConfigurationList;
			buildConfigurations = (
				A5BEA2332AFAF8720001F2C5 /* Debug */,
				A5BEA2342AFAF8720001F2C5 /* Release */,
			);
			defaultConfigurationIsVisible = 0;
			defaultConfigurationName = Release;
		};
		A5BEA2352AFAF8720001F2C5 /* Build configuration list for PBXNativeTarget "MotionalTests" */ = {
			isa = XCConfigurationList;
			buildConfigurations = (
				A5BEA2362AFAF8720001F2C5 /* Debug */,
				A5BEA2372AFAF8720001F2C5 /* Release */,
			);
			defaultConfigurationIsVisible = 0;
			defaultConfigurationName = Release;
		};
		A5BEA2382AFAF8720001F2C5 /* Build configuration list for PBXNativeTarget "MotionalUITests" */ = {
			isa = XCConfigurationList;
			buildConfigurations = (
				A5BEA2392AFAF8720001F2C5 /* Debug */,
				A5BEA23A2AFAF8720001F2C5 /* Release */,
			);
			defaultConfigurationIsVisible = 0;
			defaultConfigurationName = Release;
		};
/* End XCConfigurationList section */
	};
	rootObject = A5BEA2002AFAF8710001F2C5 /* Project object */;
}
